{
  "nodes": {
    "nixpkgs": {
      "locked": {
        "lastModified": 1765054393,
        "narHash": "sha256-OztEUUGUqwTLNRZ+Vovjmxo73+T1AmZa0emUr1jNM3s=",
        "owner": "nixos",
        "repo": "nixpkgs",
        "rev": "a47b42babd68351e4db6f5cd5704e750a452cf2a",
        "type": "github"
      },
      "original": {
        "owner": "nixos",
        "repo": "nixpkgs",
        "type": "github"
      }
    },
    "root": {
      "inputs": {
        "nixpkgs": "nixpkgs"
      }
    }
  },
  "root": "root",
  "version": 7
}
