{
  "nodes": {
    "nixpkgs": {
      "locked": {
        "lastModified": 1765514522,
        "narHash": "sha256-5IgBss1+zWcYN6Y1t+bN8Tdm4ZV7DP6NSn7omxGX2bA=",
        "owner": "nixos",
        "repo": "nixpkgs",
        "rev": "6d8ef853bddeec86351adc5a02150a5bd4d0381e",
        "type": "github"
      },
      "original": {
        "owner": "nixos",
        "repo": "nixpkgs",
        "type": "github"
      }
    },
    "root": {
      "inputs": {
        "nixpkgs": "nixpkgs"
      }
    }
  },
  "root": "root",
  "version": 7
}
